
Microsoft Visual Studio Solution File, Format Version 12.00
# Visual Studio Version 17
VisualStudioVersion = 17.14.36310.24 d17.14
MinimumVisualStudioVersion = 10.0.40219.1
Project("{FAE04EC0-301F-11D3-BF4B-00C04F79EFBC}") = "TaskManagementAPI", "TaskManagementAPI.csproj", "{B0F44061-D655-4B61-A849-40896A46AFF2}"
EndProject
Global
	GlobalSection(SolutionConfigurationPlatforms) = preSolution
		Debug|Any CPU = Debug|Any CPU
		Release|Any CPU = Release|Any CPU
	EndGlobalSection
	GlobalSection(ProjectConfigurationPlatforms) = postSolution
		{B0F44061-D655-4B61-A849-40896A46AFF2}.Debug|Any CPU.ActiveCfg = Debug|Any CPU
		{B0F44061-D655-4B61-A849-40896A46AFF2}.Debug|Any CPU.Build.0 = Debug|Any CPU
		{B0F44061-D655-4B61-A849-40896A46AFF2}.Release|Any CPU.ActiveCfg = Release|Any CPU
		{B0F44061-D655-4B61-A849-40896A46AFF2}.Release|Any CPU.Build.0 = Release|Any CPU
	EndGlobalSection
	GlobalSection(SolutionProperties) = preSolution
		HideSolutionNode = FALSE
	EndGlobalSection
	GlobalSection(ExtensibilityGlobals) = postSolution
		SolutionGuid = {67ECC71B-7156-4C10-B2D6-512E8B7B436B}
	EndGlobalSection
EndGlobal
